
Microsoft Visual Studio Solution File, Format Version 11.00
# Visual Studio 2010
Project("{FAE04EC0-301F-11D3-BF4B-00C04F79EFBC}") = "CaculateTest", "CaculateTest\CaculateTest.csproj", "{84024931-F4B7-4017-9346-127FEF565BB6}"
EndProject
Project("{FAE04EC0-301F-11D3-BF4B-00C04F79EFBC}") = "Caculate", "Caculate\Caculate.csproj", "{1B9E3F21-8A12-4AD9-8B55-A5C442F3BC3F}"
EndProject
Global
	GlobalSection(SolutionConfigurationPlatforms) = preSolution
		Debug|Any CPU = Debug|Any CPU
		Debug|Mixed Platforms = Debug|Mixed Platforms
		Debug|x86 = Debug|x86
		Release|Any CPU = Release|Any CPU
		Release|Mixed Platforms = Release|Mixed Platforms
		Release|x86 = Release|x86
	EndGlobalSection
	GlobalSection(ProjectConfigurationPlatforms) = postSolution
		{84024931-F4B7-4017-9346-127FEF565BB6}.Debug|Any CPU.ActiveCfg = Debug|Any CPU
		{84024931-F4B7-4017-9346-127FEF565BB6}.Debug|Any CPU.Build.0 = Debug|Any CPU
		{84024931-F4B7-4017-9346-127FEF565BB6}.Debug|Mixed Platforms.ActiveCfg = Debug|Any CPU
		{84024931-F4B7-4017-9346-127FEF565BB6}.Debug|Mixed Platforms.Build.0 = Debug|Any CPU
		{84024931-F4B7-4017-9346-127FEF565BB6}.Debug|x86.ActiveCfg = Debug|Any CPU
		{84024931-F4B7-4017-9346-127FEF565BB6}.Release|Any CPU.ActiveCfg = Release|Any CPU
		{84024931-F4B7-4017-9346-127FEF565BB6}.Release|Any CPU.Build.0 = Release|Any CPU
		{84024931-F4B7-4017-9346-127FEF565BB6}.Release|Mixed Platforms.ActiveCfg = Release|Any CPU
		{84024931-F4B7-4017-9346-127FEF565BB6}.Release|Mixed Platforms.Build.0 = Release|Any CPU
		{84024931-F4B7-4017-9346-127FEF565BB6}.Release|x86.ActiveCfg = Release|Any CPU
		{1B9E3F21-8A12-4AD9-8B55-A5C442F3BC3F}.Debug|Any CPU.ActiveCfg = Debug|Any CPU
		{1B9E3F21-8A12-4AD9-8B55-A5C442F3BC3F}.Debug|Any CPU.Build.0 = Debug|Any CPU
		{1B9E3F21-8A12-4AD9-8B55-A5C442F3BC3F}.Debug|Mixed Platforms.ActiveCfg = Debug|Any CPU
		{1B9E3F21-8A12-4AD9-8B55-A5C442F3BC3F}.Debug|Mixed Platforms.Build.0 = Debug|Any CPU
		{1B9E3F21-8A12-4AD9-8B55-A5C442F3BC3F}.Debug|x86.ActiveCfg = Debug|Any CPU
		{1B9E3F21-8A12-4AD9-8B55-A5C442F3BC3F}.Release|Any CPU.ActiveCfg = Release|Any CPU
		{1B9E3F21-8A12-4AD9-8B55-A5C442F3BC3F}.Release|Any CPU.Build.0 = Release|Any CPU
		{1B9E3F21-8A12-4AD9-8B55-A5C442F3BC3F}.Release|Mixed Platforms.ActiveCfg = Release|Any CPU
		{1B9E3F21-8A12-4AD9-8B55-A5C442F3BC3F}.Release|Mixed Platforms.Build.0 = Release|Any CPU
		{1B9E3F21-8A12-4AD9-8B55-A5C442F3BC3F}.Release|x86.ActiveCfg = Release|Any CPU
	EndGlobalSection
	GlobalSection(SolutionProperties) = preSolution
		HideSolutionNode = FALSE
	EndGlobalSection
EndGlobal
